<Solution>
  <Folder Name="/.github/">
    <File Path="ci-cd.yml" />
  </Folder>
  <Folder Name="/.github/workflows/" />
  <Folder Name="/Itens de Solução/">
    <File Path="Dockerfile" />
  </Folder>
  <Project Path="AgendamentoSalao.Api/AgendamentoSalao.Api.csproj" />
  <Project Path="AgendamentoSalao.Tests/AgendamentoSalao.Tests.csproj" />
</Solution>
